
Microsoft Visual Studio Solution File, Format Version 12.00
# Visual Studio 14
VisualStudioVersion = 14.0.25420.1
MinimumVisualStudioVersion = 10.0.40219.1
Project("{FAE04EC0-301F-11D3-BF4B-00C04F79EFBC}") = "INCTPND", "INCTPND\INCTPND.csproj", "{F403B359-3934-4D96-A82D-EFB64E3703BC}"
EndProject
Global
	GlobalSection(SolutionConfigurationPlatforms) = preSolution
		Debug|Any CPU = Debug|Any CPU
		Release|Any CPU = Release|Any CPU
	EndGlobalSection
	GlobalSection(ProjectConfigurationPlatforms) = postSolution
		{F403B359-3934-4D96-A82D-EFB64E3703BC}.Debug|Any CPU.ActiveCfg = Debug|Any CPU
		{F403B359-3934-4D96-A82D-EFB64E3703BC}.Debug|Any CPU.Build.0 = Debug|Any CPU
		{F403B359-3934-4D96-A82D-EFB64E3703BC}.Release|Any CPU.ActiveCfg = Release|Any CPU
		{F403B359-3934-4D96-A82D-EFB64E3703BC}.Release|Any CPU.Build.0 = Release|Any CPU
	EndGlobalSection
	GlobalSection(SolutionProperties) = preSolution
		HideSolutionNode = FALSE
	EndGlobalSection
EndGlobal
